
Microsoft Visual Studio Solution File, Format Version 12.00
# Visual Studio Version 17
VisualStudioVersion = 17.14.36203.30 d17.14
MinimumVisualStudioVersion = 10.0.40219.1
Project("{FAE04EC0-301F-11D3-BF4B-00C04F79EFBC}") = "DVLD - Presentation Layer", "DVLD - Presentation Layer.csproj", "{8941164C-C34F-473F-8CF9-55C0A500A51F}"
EndProject
Project("{FAE04EC0-301F-11D3-BF4B-00C04F79EFBC}") = "DVLD - Database Layer", "..\..\Befor Project\DVLD - Database Layer\DVLD - Database Layer.csproj", "{EB9DC3C3-CB5E-438D-91BF-9C4963CBFE8C}"
EndProject
Project("{FAE04EC0-301F-11D3-BF4B-00C04F79EFBC}") = "ShairdClass", "..\..\Befor Project\ShairdClass\ShairdClass.csproj", "{9CFB81EF-EC11-46AE-BCCC-2985D18E3648}"
EndProject
Project("{FAE04EC0-301F-11D3-BF4B-00C04F79EFBC}") = "DVLD - Business Layer", "..\..\Befor Project\DVLD - Business Layer\DVLD - Business Layer.csproj", "{0C7B5BEB-3A29-45E4-A236-C94E01513BAB}"
EndProject
Global
	GlobalSection(SolutionConfigurationPlatforms) = preSolution
		Debug|Any CPU = Debug|Any CPU
		Release|Any CPU = Release|Any CPU
	EndGlobalSection
	GlobalSection(ProjectConfigurationPlatforms) = postSolution
		{8941164C-C34F-473F-8CF9-55C0A500A51F}.Debug|Any CPU.ActiveCfg = Debug|Any CPU
		{8941164C-C34F-473F-8CF9-55C0A500A51F}.Debug|Any CPU.Build.0 = Debug|Any CPU
		{8941164C-C34F-473F-8CF9-55C0A500A51F}.Release|Any CPU.ActiveCfg = Release|Any CPU
		{8941164C-C34F-473F-8CF9-55C0A500A51F}.Release|Any CPU.Build.0 = Release|Any CPU
		{EB9DC3C3-CB5E-438D-91BF-9C4963CBFE8C}.Debug|Any CPU.ActiveCfg = Debug|Any CPU
		{EB9DC3C3-CB5E-438D-91BF-9C4963CBFE8C}.Debug|Any CPU.Build.0 = Debug|Any CPU
		{EB9DC3C3-CB5E-438D-91BF-9C4963CBFE8C}.Release|Any CPU.ActiveCfg = Release|Any CPU
		{EB9DC3C3-CB5E-438D-91BF-9C4963CBFE8C}.Release|Any CPU.Build.0 = Release|Any CPU
		{9CFB81EF-EC11-46AE-BCCC-2985D18E3648}.Debug|Any CPU.ActiveCfg = Debug|Any CPU
		{9CFB81EF-EC11-46AE-BCCC-2985D18E3648}.Debug|Any CPU.Build.0 = Debug|Any CPU
		{9CFB81EF-EC11-46AE-BCCC-2985D18E3648}.Release|Any CPU.ActiveCfg = Release|Any CPU
		{9CFB81EF-EC11-46AE-BCCC-2985D18E3648}.Release|Any CPU.Build.0 = Release|Any CPU
		{0C7B5BEB-3A29-45E4-A236-C94E01513BAB}.Debug|Any CPU.ActiveCfg = Debug|Any CPU
		{0C7B5BEB-3A29-45E4-A236-C94E01513BAB}.Debug|Any CPU.Build.0 = Debug|Any CPU
		{0C7B5BEB-3A29-45E4-A236-C94E01513BAB}.Release|Any CPU.ActiveCfg = Release|Any CPU
		{0C7B5BEB-3A29-45E4-A236-C94E01513BAB}.Release|Any CPU.Build.0 = Release|Any CPU
	EndGlobalSection
	GlobalSection(SolutionProperties) = preSolution
		HideSolutionNode = FALSE
	EndGlobalSection
	GlobalSection(ExtensibilityGlobals) = postSolution
		SolutionGuid = {D83FD67D-3A06-4567-BB61-6F7B6CCA5FAF}
	EndGlobalSection
EndGlobal
